// !$*UTF8*$!
{
	archiveVersion = 1;
	classes = {
	};
	objectVersion = 55;
	objects = {

/* Begin PBXBuildFile section */
		D131FDD72752700800FDBFB0 /* testDView.swift in Sources */ = {isa = PBXBuildFile; fileRef = D131FDD62752700800FDBFB0 /* testDView.swift */; };
		D131FDD92752803700FDBFB0 /* testEView.swift in Sources */ = {isa = PBXBuildFile; fileRef = D131FDD82752803700FDBFB0 /* testEView.swift */; };
		D1FFCB3B274F6A9300E7EB13 /* psychological_TestApp.swift in Sources */ = {isa = PBXBuildFile; fileRef = D1FFCB3A274F6A9300E7EB13 /* psychological_TestApp.swift */; };
		D1FFCB3D274F6A9300E7EB13 /* ContentView.swift in Sources */ = {isa = PBXBuildFile; fileRef = D1FFCB3C274F6A9300E7EB13 /* ContentView.swift */; };
		D1FFCB3F274F6A9400E7EB13 /* Assets.xcassets in Resources */ = {isa = PBXBuildFile; fileRef = D1FFCB3E274F6A9400E7EB13 /* Assets.xcassets */; };
		D1FFCB42274F6A9400E7EB13 /* Preview Assets.xcassets in Resources */ = {isa = PBXBuildFile; fileRef = D1FFCB41274F6A9400E7EB13 /* Preview Assets.xcassets */; };
		D1FFCB49274F6B5600E7EB13 /* TestPickerView.swift in Sources */ = {isa = PBXBuildFile; fileRef = D1FFCB48274F6B5600E7EB13 /* TestPickerView.swift */; };
		D1FFCB4B274F6D6100E7EB13 /* HomeView.swift in Sources */ = {isa = PBXBuildFile; fileRef = D1FFCB4A274F6D6100E7EB13 /* HomeView.swift */; };
		D1FFCB4D274F6F5C00E7EB13 /* testAView.swift in Sources */ = {isa = PBXBuildFile; fileRef = D1FFCB4C274F6F5C00E7EB13 /* testAView.swift */; };
		D1FFCB51274FBB8E00E7EB13 /* TestResultView.swift in Sources */ = {isa = PBXBuildFile; fileRef = D1FFCB50274FBB8E00E7EB13 /* TestResultView.swift */; };
		D1FFCB53274FF61100E7EB13 /* testBView.swift in Sources */ = {isa = PBXBuildFile; fileRef = D1FFCB52274FF61100E7EB13 /* testBView.swift */; };
		D1FFCB55274FFCB400E7EB13 /* testCView.swift in Sources */ = {isa = PBXBuildFile; fileRef = D1FFCB54274FFCB300E7EB13 /* testCView.swift */; };
/* End PBXBuildFile section */

/* Begin PBXFileReference section */
		D131FDD62752700800FDBFB0 /* testDView.swift */ = {isa = PBXFileReference; lastKnownFileType = sourcecode.swift; path = testDView.swift; sourceTree = "<group>"; };
		D131FDD82752803700FDBFB0 /* testEView.swift */ = {isa = PBXFileReference; lastKnownFileType = sourcecode.swift; path = testEView.swift; sourceTree = "<group>"; };
		D1FFCB37274F6A9300E7EB13 /* just a test??.app */ = {isa = PBXFileReference; explicitFileType = wrapper.application; includeInIndex = 0; path = "just a test??.app"; sourceTree = BUILT_PRODUCTS_DIR; };
		D1FFCB3A274F6A9300E7EB13 /* psychological_TestApp.swift */ = {isa = PBXFileReference; lastKnownFileType = sourcecode.swift; path = psychological_TestApp.swift; sourceTree = "<group>"; };
		D1FFCB3C274F6A9300E7EB13 /* ContentView.swift */ = {isa = PBXFileReference; lastKnownFileType = sourcecode.swift; path = ContentView.swift; sourceTree = "<group>"; };
		D1FFCB3E274F6A9400E7EB13 /* Assets.xcassets */ = {isa = PBXFileReference; lastKnownFileType = folder.assetcatalog; path = Assets.xcassets; sourceTree = "<group>"; };
		D1FFCB41274F6A9400E7EB13 /* Preview Assets.xcassets */ = {isa = PBXFileReference; lastKnownFileType = folder.assetcatalog; path = "Preview Assets.xcassets"; sourceTree = "<group>"; };
		D1FFCB48274F6B5600E7EB13 /* TestPickerView.swift */ = {isa = PBXFileReference; lastKnownFileType = sourcecode.swift; path = TestPickerView.swift; sourceTree = "<group>"; };
		D1FFCB4A274F6D6100E7EB13 /* HomeView.swift */ = {isa = PBXFileReference; lastKnownFileType = sourcecode.swift; path = HomeView.swift; sourceTree = "<group>"; };
		D1FFCB4C274F6F5C00E7EB13 /* testAView.swift */ = {isa = PBXFileReference; lastKnownFileType = sourcecode.swift; path = testAView.swift; sourceTree = "<group>"; };
		D1FFCB50274FBB8E00E7EB13 /* TestResultView.swift */ = {isa = PBXFileReference; lastKnownFileType = sourcecode.swift; path = TestResultView.swift; sourceTree = "<group>"; };
		D1FFCB52274FF61100E7EB13 /* testBView.swift */ = {isa = PBXFileReference; lastKnownFileType = sourcecode.swift; path = testBView.swift; sourceTree = "<group>"; };
		D1FFCB54274FFCB300E7EB13 /* testCView.swift */ = {isa = PBXFileReference; lastKnownFileType = sourcecode.swift; path = testCView.swift; sourceTree = "<group>"; };
/* End PBXFileReference section */

/* Begin PBXFrameworksBuildPhase section */
		D1FFCB34274F6A9200E7EB13 /* Frameworks */ = {
			isa = PBXFrameworksBuildPhase;
			buildActionMask = 2147483647;
			files = (
			);
			runOnlyForDeploymentPostprocessing = 0;
		};
/* End PBXFrameworksBuildPhase section */

/* Begin PBXGroup section */
		D1FFCB2E274F6A9200E7EB13 = {
			isa = PBXGroup;
			children = (
				D1FFCB39274F6A9300E7EB13 /* psychological_Test */,
				D1FFCB38274F6A9300E7EB13 /* Products */,
			);
			sourceTree = "<group>";
		};
		D1FFCB38274F6A9300E7EB13 /* Products */ = {
			isa = PBXGroup;
			children = (
				D1FFCB37274F6A9300E7EB13 /* just a test??.app */,
			);
			name = Products;
			sourceTree = "<group>";
		};
		D1FFCB39274F6A9300E7EB13 /* psychological_Test */ = {
			isa = PBXGroup;
			children = (
				D1FFCB4F274F6FB400E7EB13 /* testFiles */,
				D1FFCB3A274F6A9300E7EB13 /* psychological_TestApp.swift */,
				D1FFCB48274F6B5600E7EB13 /* TestPickerView.swift */,
				D1FFCB3C274F6A9300E7EB13 /* ContentView.swift */,
				D1FFCB4A274F6D6100E7EB13 /* HomeView.swift */,
				D1FFCB3E274F6A9400E7EB13 /* Assets.xcassets */,
				D1FFCB40274F6A9400E7EB13 /* Preview Content */,
			);
			path = psychological_Test;
			sourceTree = "<group>";
		};
		D1FFCB40274F6A9400E7EB13 /* Preview Content */ = {
			isa = PBXGroup;
			children = (
				D1FFCB41274F6A9400E7EB13 /* Preview Assets.xcassets */,
			);
			path = "Preview Content";
			sourceTree = "<group>";
		};
		D1FFCB4F274F6FB400E7EB13 /* testFiles */ = {
			isa = PBXGroup;
			children = (
				D1FFCB4C274F6F5C00E7EB13 /* testAView.swift */,
				D1FFCB50274FBB8E00E7EB13 /* TestResultView.swift */,
				D1FFCB52274FF61100E7EB13 /* testBView.swift */,
				D1FFCB54274FFCB300E7EB13 /* testCView.swift */,
				D131FDD62752700800FDBFB0 /* testDView.swift */,
				D131FDD82752803700FDBFB0 /* testEView.swift */,
			);
			name = testFiles;
			sourceTree = "<group>";
		};
/* End PBXGroup section */

/* Begin PBXNativeTarget section */
		D1FFCB36274F6A9200E7EB13 /* psychological_Test */ = {
			isa = PBXNativeTarget;
			buildConfigurationList = D1FFCB45274F6A9400E7EB13 /* Build configuration list for PBXNativeTarget "psychological_Test" */;
			buildPhases = (
				D1FFCB33274F6A9200E7EB13 /* Sources */,
				D1FFCB34274F6A9200E7EB13 /* Frameworks */,
				D1FFCB35274F6A9200E7EB13 /* Resources */,
			);
			buildRules = (
			);
			dependencies = (
			);
			name = psychological_Test;
			productName = psychological_Test;
			productReference = D1FFCB37274F6A9300E7EB13 /* just a test??.app */;
			productType = "com.apple.product-type.application";
		};
/* End PBXNativeTarget section */

/* Begin PBXProject section */
		D1FFCB2F274F6A9200E7EB13 /* Project object */ = {
			isa = PBXProject;
			attributes = {
				BuildIndependentTargetsInParallel = 1;
				LastSwiftUpdateCheck = 1310;
				LastUpgradeCheck = 1310;
				TargetAttributes = {
					D1FFCB36274F6A9200E7EB13 = {
						CreatedOnToolsVersion = 13.1;
					};
				};
			};
			buildConfigurationList = D1FFCB32274F6A9200E7EB13 /* Build configuration list for PBXProject "psychological_Test" */;
			compatibilityVersion = "Xcode 13.0";
			developmentRegion = en;
			hasScannedForEncodings = 0;
			knownRegions = (
				en,
				Base,
			);
			mainGroup = D1FFCB2E274F6A9200E7EB13;
			productRefGroup = D1FFCB38274F6A9300E7EB13 /* Products */;
			projectDirPath = "";
			projectRoot = "";
			targets = (
				D1FFCB36274F6A9200E7EB13 /* psychological_Test */,
			);
		};
/* End PBXProject section */

/* Begin PBXResourcesBuildPhase section */
		D1FFCB35274F6A9200E7EB13 /* Resources */ = {
			isa = PBXResourcesBuildPhase;
			buildActionMask = 2147483647;
			files = (
				D1FFCB42274F6A9400E7EB13 /* Preview Assets.xcassets in Resources */,
				D1FFCB3F274F6A9400E7EB13 /* Assets.xcassets in Resources */,
			);
			runOnlyForDeploymentPostprocessing = 0;
		};
/* End PBXResourcesBuildPhase section */

/* Begin PBXSourcesBuildPhase section */
		D1FFCB33274F6A9200E7EB13 /* Sources */ = {
			isa = PBXSourcesBuildPhase;
			buildActionMask = 2147483647;
			files = (
				D131FDD72752700800FDBFB0 /* testDView.swift in Sources */,
				D1FFCB55274FFCB400E7EB13 /* testCView.swift in Sources */,
				D1FFCB53274FF61100E7EB13 /* testBView.swift in Sources */,
				D1FFCB3D274F6A9300E7EB13 /* ContentView.swift in Sources */,
				D1FFCB4B274F6D6100E7EB13 /* HomeView.swift in Sources */,
				D1FFCB4D274F6F5C00E7EB13 /* testAView.swift in Sources */,
				D1FFCB51274FBB8E00E7EB13 /* TestResultView.swift in Sources */,
				D1FFCB3B274F6A9300E7EB13 /* psychological_TestApp.swift in Sources */,
				D131FDD92752803700FDBFB0 /* testEView.swift in Sources */,
				D1FFCB49274F6B5600E7EB13 /* TestPickerView.swift in Sources */,
			);
			runOnlyForDeploymentPostprocessing = 0;
		};
/* End PBXSourcesBuildPhase section */

/* Begin XCBuildConfiguration section */
		D1FFCB43274F6A9400E7EB13 /* Debug */ = {
			isa = XCBuildConfiguration;
			buildSettings = {
				ALWAYS_SEARCH_USER_PATHS = NO;
				CLANG_ANALYZER_NONNULL = YES;
				CLANG_ANALYZER_NUMBER_OBJECT_CONVERSION = YES_AGGRESSIVE;
				CLANG_CXX_LANGUAGE_STANDARD = "gnu++17";
				CLANG_CXX_LIBRARY = "libc++";
				CLANG_ENABLE_MODULES = YES;
				CLANG_ENABLE_OBJC_ARC = YES;
				CLANG_ENABLE_OBJC_WEAK = YES;
				CLANG_WARN_BLOCK_CAPTURE_AUTORELEASING = YES;
				CLANG_WARN_BOOL_CONVERSION = YES;
				CLANG_WARN_COMMA = YES;
				CLANG_WARN_CONSTANT_CONVERSION = YES;
				CLANG_WARN_DEPRECATED_OBJC_IMPLEMENTATIONS = YES;
				CLANG_WARN_DIRECT_OBJC_ISA_USAGE = YES_ERROR;
				CLANG_WARN_DOCUMENTATION_COMMENTS = YES;
				CLANG_WARN_EMPTY_BODY = YES;
				CLANG_WARN_ENUM_CONVERSION = YES;
				CLANG_WARN_INFINITE_RECURSION = YES;
				CLANG_WARN_INT_CONVERSION = YES;
				CLANG_WARN_NON_LITERAL_NULL_CONVERSION = YES;
				CLANG_WARN_OBJC_IMPLICIT_RETAIN_SELF = YES;
				CLANG_WARN_OBJC_LITERAL_CONVERSION = YES;
				CLANG_WARN_OBJC_ROOT_CLASS = YES_ERROR;
				CLANG_WARN_QUOTED_INCLUDE_IN_FRAMEWORK_HEADER = YES;
				CLANG_WARN_RANGE_LOOP_ANALYSIS = YES;
				CLANG_WARN_STRICT_PROTOTYPES = YES;
				CLANG_WARN_SUSPICIOUS_MOVE = YES;
				CLANG_WARN_UNGUARDED_AVAILABILITY = YES_AGGRESSIVE;
				CLANG_WARN_UNREACHABLE_CODE = YES;
				CLANG_WARN__DUPLICATE_METHOD_MATCH = YES;
				COPY_PHASE_STRIP = NO;
				DEBUG_INFORMATION_FORMAT = dwarf;
				ENABLE_STRICT_OBJC_MSGSEND = YES;
				ENABLE_TESTABILITY = YES;
				GCC_C_LANGUAGE_STANDARD = gnu11;
				GCC_DYNAMIC_NO_PIC = NO;
				GCC_NO_COMMON_BLOCKS = YES;
				GCC_OPTIMIZATION_LEVEL = 0;
				GCC_PREPROCESSOR_DEFINITIONS = (
					"DEBUG=1",
					"$(inherited)",
				);
				GCC_WARN_64_TO_32_BIT_CONVERSION = YES;
				GCC_WARN_ABOUT_RETURN_TYPE = YES_ERROR;
				GCC_WARN_UNDECLARED_SELECTOR = YES;
				GCC_WARN_UNINITIALIZED_AUTOS = YES_AGGRESSIVE;
				GCC_WARN_UNUSED_FUNCTION = YES;
				GCC_WARN_UNUSED_VARIABLE = YES;
				IPHONEOS_DEPLOYMENT_TARGET = 15.0;
				MTL_ENABLE_DEBUG_INFO = INCLUDE_SOURCE;
				MTL_FAST_MATH = YES;
				ONLY_ACTIVE_ARCH = YES;
				SDKROOT = iphoneos;
				SWIFT_ACTIVE_COMPILATION_CONDITIONS = DEBUG;
				SWIFT_OPTIMIZATION_LEVEL = "-Onone";
			};
			name = Debug;
		};
		D1FFCB44274F6A9400E7EB13 /* Release */ = {
			isa = XCBuildConfiguration;
			buildSettings = {
				ALWAYS_SEARCH_USER_PATHS = NO;
				CLANG_ANALYZER_NONNULL = YES;
				CLANG_ANALYZER_NUMBER_OBJECT_CONVERSION = YES_AGGRESSIVE;
				CLANG_CXX_LANGUAGE_STANDARD = "gnu++17";
				CLANG_CXX_LIBRARY = "libc++";
				CLANG_ENABLE_MODULES = YES;
				CLANG_ENABLE_OBJC_ARC = YES;
				CLANG_ENABLE_OBJC_WEAK = YES;
				CLANG_WARN_BLOCK_CAPTURE_AUTORELEASING = YES;
				CLANG_WARN_BOOL_CONVERSION = YES;
				CLANG_WARN_COMMA = YES;
				CLANG_WARN_CONSTANT_CONVERSION = YES;
				CLANG_WARN_DEPRECATED_OBJC_IMPLEMENTATIONS = YES;
				CLANG_WARN_DIRECT_OBJC_ISA_USAGE = YES_ERROR;
				CLANG_WARN_DOCUMENTATION_COMMENTS = YES;
				CLANG_WARN_EMPTY_BODY = YES;
				CLANG_WARN_ENUM_CONVERSION = YES;
				CLANG_WARN_INFINITE_RECURSION = YES;
				CLANG_WARN_INT_CONVERSION = YES;
				CLANG_WARN_NON_LITERAL_NULL_CONVERSION = YES;
				CLANG_WARN_OBJC_IMPLICIT_RETAIN_SELF = YES;
				CLANG_WARN_OBJC_LITERAL_CONVERSION = YES;
				CLANG_WARN_OBJC_ROOT_CLASS = YES_ERROR;
				CLANG_WARN_QUOTED_INCLUDE_IN_FRAMEWORK_HEADER = YES;
				CLANG_WARN_RANGE_LOOP_ANALYSIS = YES;
				CLANG_WARN_STRICT_PROTOTYPES = YES;
				CLANG_WARN_SUSPICIOUS_MOVE = YES;
				CLANG_WARN_UNGUARDED_AVAILABILITY = YES_AGGRESSIVE;
				CLANG_WARN_UNREACHABLE_CODE = YES;
				CLANG_WARN__DUPLICATE_METHOD_MATCH = YES;
				COPY_PHASE_STRIP = NO;
				DEBUG_INFORMATION_FORMAT = "dwarf-with-dsym";
				ENABLE_NS_ASSERTIONS = NO;
				ENABLE_STRICT_OBJC_MSGSEND = YES;
				GCC_C_LANGUAGE_STANDARD = gnu11;
				GCC_NO_COMMON_BLOCKS = YES;
				GCC_WARN_64_TO_32_BIT_CONVERSION = YES;
				GCC_WARN_ABOUT_RETURN_TYPE = YES_ERROR;
				GCC_WARN_UNDECLARED_SELECTOR = YES;
				GCC_WARN_UNINITIALIZED_AUTOS = YES_AGGRESSIVE;
				GCC_WARN_UNUSED_FUNCTION = YES;
				GCC_WARN_UNUSED_VARIABLE = YES;
				IPHONEOS_DEPLOYMENT_TARGET = 15.0;
				MTL_ENABLE_DEBUG_INFO = NO;
				MTL_FAST_MATH = YES;
				SDKROOT = iphoneos;
				SWIFT_COMPILATION_MODE = wholemodule;
				SWIFT_OPTIMIZATION_LEVEL = "-O";
				VALIDATE_PRODUCT = YES;
			};
			name = Release;
		};
		D1FFCB46274F6A9400E7EB13 /* Debug */ = {
			isa = XCBuildConfiguration;
			buildSettings = {
				ASSETCATALOG_COMPILER_APPICON_NAME = AppIcon;
				ASSETCATALOG_COMPILER_GLOBAL_ACCENT_COLOR_NAME = AccentColor;
				CODE_SIGN_STYLE = Automatic;
				CURRENT_PROJECT_VERSION = 1;
				DEVELOPMENT_ASSET_PATHS = "\"psychological_Test/Preview Content\"";
				DEVELOPMENT_TEAM = T9YT82AYMC;
				ENABLE_PREVIEWS = YES;
				GENERATE_INFOPLIST_FILE = YES;
				INFOPLIST_KEY_UIApplicationSceneManifest_Generation = YES;
				INFOPLIST_KEY_UIApplicationSupportsIndirectInputEvents = YES;
				INFOPLIST_KEY_UILaunchScreen_Generation = YES;
				INFOPLIST_KEY_UISupportedInterfaceOrientations_iPad = "UIInterfaceOrientationPortrait UIInterfaceOrientationPortraitUpsideDown UIInterfaceOrientationLandscapeLeft UIInterfaceOrientationLandscapeRight";
				INFOPLIST_KEY_UISupportedInterfaceOrientations_iPhone = "UIInterfaceOrientationPortrait UIInterfaceOrientationLandscapeLeft UIInterfaceOrientationLandscapeRight";
				LD_RUNPATH_SEARCH_PATHS = (
					"$(inherited)",
					"@executable_path/Frameworks",
				);
				MARKETING_VERSION = 1.0;
				PRODUCT_BUNDLE_IDENTIFIER = "com.chouguting.psychological-Test";
				PRODUCT_NAME = "just a test??";
				SWIFT_EMIT_LOC_STRINGS = YES;
				SWIFT_VERSION = 5.0;
				TARGETED_DEVICE_FAMILY = "1,2";
			};
			name = Debug;
		};
		D1FFCB47274F6A9400E7EB13 /* Release */ = {
			isa = XCBuildConfiguration;
			buildSettings = {
				ASSETCATALOG_COMPILER_APPICON_NAME = AppIcon;
				ASSETCATALOG_COMPILER_GLOBAL_ACCENT_COLOR_NAME = AccentColor;
				CODE_SIGN_STYLE = Automatic;
				CURRENT_PROJECT_VERSION = 1;
				DEVELOPMENT_ASSET_PATHS = "\"psychological_Test/Preview Content\"";
				DEVELOPMENT_TEAM = T9YT82AYMC;
				ENABLE_PREVIEWS = YES;
				GENERATE_INFOPLIST_FILE = YES;
				INFOPLIST_KEY_UIApplicationSceneManifest_Generation = YES;
				INFOPLIST_KEY_UIApplicationSupportsIndirectInputEvents = YES;
				INFOPLIST_KEY_UILaunchScreen_Generation = YES;
				INFOPLIST_KEY_UISupportedInterfaceOrientations_iPad = "UIInterfaceOrientationPortrait UIInterfaceOrientationPortraitUpsideDown UIInterfaceOrientationLandscapeLeft UIInterfaceOrientationLandscapeRight";
				INFOPLIST_KEY_UISupportedInterfaceOrientations_iPhone = "UIInterfaceOrientationPortrait UIInterfaceOrientationLandscapeLeft UIInterfaceOrientationLandscapeRight";
				LD_RUNPATH_SEARCH_PATHS = (
					"$(inherited)",
					"@executable_path/Frameworks",
				);
				MARKETING_VERSION = 1.0;
				PRODUCT_BUNDLE_IDENTIFIER = "com.chouguting.psychological-Test";
				PRODUCT_NAME = "just a test??";
				SWIFT_EMIT_LOC_STRINGS = YES;
				SWIFT_VERSION = 5.0;
				TARGETED_DEVICE_FAMILY = "1,2";
			};
			name = Release;
		};
/* End XCBuildConfiguration section */

/* Begin XCConfigurationList section */
		D1FFCB32274F6A9200E7EB13 /* Build configuration list for PBXProject "psychological_Test" */ = {
			isa = XCConfigurationList;
			buildConfigurations = (
				D1FFCB43274F6A9400E7EB13 /* Debug */,
				D1FFCB44274F6A9400E7EB13 /* Release */,
			);
			defaultConfigurationIsVisible = 0;
			defaultConfigurationName = Release;
		};
		D1FFCB45274F6A9400E7EB13 /* Build configuration list for PBXNativeTarget "psychological_Test" */ = {
			isa = XCConfigurationList;
			buildConfigurations = (
				D1FFCB46274F6A9400E7EB13 /* Debug */,
				D1FFCB47274F6A9400E7EB13 /* Release */,
			);
			defaultConfigurationIsVisible = 0;
			defaultConfigurationName = Release;
		};
/* End XCConfigurationList section */
	};
	rootObject = D1FFCB2F274F6A9200E7EB13 /* Project object */;
}
